// !$*UTF8*$!
{
	archiveVersion = 1;
	classes = {
	};
	objectVersion = 56;
	objects = {

/* Begin PBXBuildFile section */
		4F0758202BE81F2D0064A30F /* GoogleMobileAds in Frameworks */ = {isa = PBXBuildFile; productRef = 4F07581F2BE81F2D0064A30F /* GoogleMobileAds */; };
		4F0EC95A2BD1A2C3009A5CB6 /* Alamofire in Frameworks */ = {isa = PBXBuildFile; productRef = 4F0EC9592BD1A2C3009A5CB6 /* Alamofire */; };
		4F31E3B62BECEE1E00F299EE /* NativeAdView.swift in Sources */ = {isa = PBXBuildFile; fileRef = 4F31E3B52BECEE1E00F299EE /* NativeAdView.swift */; };
		4F31E3B82BECEED700F299EE /* NativeAdModel.swift in Sources */ = {isa = PBXBuildFile; fileRef = 4F31E3B72BECEED700F299EE /* NativeAdModel.swift */; };
		4F31E3BA2BECF70C00F299EE /* NativeAdView.xib in Resources */ = {isa = PBXBuildFile; fileRef = 4F31E3B92BECF70B00F299EE /* NativeAdView.xib */; };
		4F3A7B552BE836BF0046765E /* Extension+View.swift in Sources */ = {isa = PBXBuildFile; fileRef = 4F3A7B542BE836BF0046765E /* Extension+View.swift */; };
		4F435C8E2BE115650087CEE3 /* MainView.swift in Sources */ = {isa = PBXBuildFile; fileRef = 4F435C8D2BE115650087CEE3 /* MainView.swift */; };
		4F435C902BE117840087CEE3 /* SettingView.swift in Sources */ = {isa = PBXBuildFile; fileRef = 4F435C8F2BE117840087CEE3 /* SettingView.swift */; };
		4F5072B82BCF901E0005D352 /* NinjacordApp.swift in Sources */ = {isa = PBXBuildFile; fileRef = 4F5072B72BCF901E0005D352 /* NinjacordApp.swift */; };
		4F5072BA2BCF901E0005D352 /* SendMessageView.swift in Sources */ = {isa = PBXBuildFile; fileRef = 4F5072B92BCF901E0005D352 /* SendMessageView.swift */; };
		4F5072BC2BCF901F0005D352 /* Assets.xcassets in Resources */ = {isa = PBXBuildFile; fileRef = 4F5072BB2BCF901F0005D352 /* Assets.xcassets */; };
		4F5072C02BCF901F0005D352 /* Preview Assets.xcassets in Resources */ = {isa = PBXBuildFile; fileRef = 4F5072BF2BCF901F0005D352 /* Preview Assets.xcassets */; };
		4F5C1BF52BDDDC2C001C9A51 /* SendMessageViewModel.swift in Sources */ = {isa = PBXBuildFile; fileRef = 4F5C1BF42BDDDC2C001C9A51 /* SendMessageViewModel.swift */; };
		4F5C1BF72BDDE8A9001C9A51 /* MessageEntity.swift in Sources */ = {isa = PBXBuildFile; fileRef = 4F5C1BF62BDDE8A9001C9A51 /* MessageEntity.swift */; };
		4F67554E2BE0074A00F2629B /* FirebaseAnalytics in Frameworks */ = {isa = PBXBuildFile; productRef = 4F67554D2BE0074A00F2629B /* FirebaseAnalytics */; };
		4F6755502BE0074A00F2629B /* FirebaseCrashlytics in Frameworks */ = {isa = PBXBuildFile; productRef = 4F67554F2BE0074A00F2629B /* FirebaseCrashlytics */; };
		4F6755522BE0074A00F2629B /* FirebaseFirestore in Frameworks */ = {isa = PBXBuildFile; productRef = 4F6755512BE0074A00F2629B /* FirebaseFirestore */; };
		4F6755542BE008BC00F2629B /* AppDelegate.swift in Sources */ = {isa = PBXBuildFile; fileRef = 4F6755532BE008BC00F2629B /* AppDelegate.swift */; };
		4F6755562BE0123900F2629B /* GoogleService-Info.plist in Resources */ = {isa = PBXBuildFile; fileRef = 4F6755552BE0123900F2629B /* GoogleService-Info.plist */; };
		4F6F9FAD2BEB9C820033AFB7 /* Extension+Color.swift in Sources */ = {isa = PBXBuildFile; fileRef = 4F6F9FAC2BEB9C820033AFB7 /* Extension+Color.swift */; };
		4F6F9FB22BEBDEE40033AFB7 /* Localizable.xcstrings in Resources */ = {isa = PBXBuildFile; fileRef = 4F6F9FB12BEBDEE40033AFB7 /* Localizable.xcstrings */; };
		4F7248F32BE825D2004FD3DC /* BannerViewController.swift in Sources */ = {isa = PBXBuildFile; fileRef = 4F7248F22BE825D2004FD3DC /* BannerViewController.swift */; };
		4F7248F62BE827DF004FD3DC /* BannerView.swift in Sources */ = {isa = PBXBuildFile; fileRef = 4F7248F52BE827DF004FD3DC /* BannerView.swift */; };
		4F8F72372BF99E0D00EB1869 /* ComingSoonModifier.swift in Sources */ = {isa = PBXBuildFile; fileRef = 4F8F72362BF99E0D00EB1869 /* ComingSoonModifier.swift */; };
		4F8F723F2BF9ABE100EB1869 /* LicenseView.swift in Sources */ = {isa = PBXBuildFile; fileRef = 4F8F723E2BF9ABE100EB1869 /* LicenseView.swift */; };
		4FAB6FF22BE1923F00B2F33A /* swiftlint.yml in Resources */ = {isa = PBXBuildFile; fileRef = 4FAB6FF12BE1923F00B2F33A /* swiftlint.yml */; };
		4FAB6FFB2BE1C53B00B2F33A /* WebhookURLSettingView.swift in Sources */ = {isa = PBXBuildFile; fileRef = 4FAB6FFA2BE1C53B00B2F33A /* WebhookURLSettingView.swift */; };
		4FD55D492BE6F04700581F34 /* FirebaseAnalytics.swift in Sources */ = {isa = PBXBuildFile; fileRef = 4FD55D482BE6F04700581F34 /* FirebaseAnalytics.swift */; };
		4FD55D4B2BE6F92400581F34 /* AppInfo.swift in Sources */ = {isa = PBXBuildFile; fileRef = 4FD55D4A2BE6F92400581F34 /* AppInfo.swift */; };
		4FD55D4D2BE6FCB800581F34 /* PrivacyInfo.xcprivacy in Resources */ = {isa = PBXBuildFile; fileRef = 4FD55D4C2BE6FCB800581F34 /* PrivacyInfo.xcprivacy */; };
		4FD55D502BE701FE00581F34 /* PrivacyPolicyView.swift in Sources */ = {isa = PBXBuildFile; fileRef = 4FD55D4F2BE701FE00581F34 /* PrivacyPolicyView.swift */; };
		4FF2FEA52BDFAF4F00973FDA /* Extension+TextFieldStyle.swift in Sources */ = {isa = PBXBuildFile; fileRef = 4FF2FEA42BDFAF4F00973FDA /* Extension+TextFieldStyle.swift */; };
/* End PBXBuildFile section */

/* Begin PBXFileReference section */
		4F2CDC502BD31B4A000DF626 /* Info.plist */ = {isa = PBXFileReference; lastKnownFileType = text.plist; path = Info.plist; sourceTree = "<group>"; };
		4F31E3B52BECEE1E00F299EE /* NativeAdView.swift */ = {isa = PBXFileReference; lastKnownFileType = sourcecode.swift; path = NativeAdView.swift; sourceTree = "<group>"; };
		4F31E3B72BECEED700F299EE /* NativeAdModel.swift */ = {isa = PBXFileReference; lastKnownFileType = sourcecode.swift; path = NativeAdModel.swift; sourceTree = "<group>"; };
		4F31E3B92BECF70B00F299EE /* NativeAdView.xib */ = {isa = PBXFileReference; fileEncoding = 4; lastKnownFileType = file.xib; path = NativeAdView.xib; sourceTree = "<group>"; };
		4F3A7B542BE836BF0046765E /* Extension+View.swift */ = {isa = PBXFileReference; lastKnownFileType = sourcecode.swift; path = "Extension+View.swift"; sourceTree = "<group>"; };
		4F435C8D2BE115650087CEE3 /* MainView.swift */ = {isa = PBXFileReference; lastKnownFileType = sourcecode.swift; path = MainView.swift; sourceTree = "<group>"; };
		4F435C8F2BE117840087CEE3 /* SettingView.swift */ = {isa = PBXFileReference; lastKnownFileType = sourcecode.swift; path = SettingView.swift; sourceTree = "<group>"; };
		4F5072B42BCF901E0005D352 /* NinjacordApp.app */ = {isa = PBXFileReference; explicitFileType = wrapper.application; includeInIndex = 0; path = NinjacordApp.app; sourceTree = BUILT_PRODUCTS_DIR; };
		4F5072B72BCF901E0005D352 /* NinjacordApp.swift */ = {isa = PBXFileReference; lastKnownFileType = sourcecode.swift; path = NinjacordApp.swift; sourceTree = "<group>"; };
		4F5072B92BCF901E0005D352 /* SendMessageView.swift */ = {isa = PBXFileReference; lastKnownFileType = sourcecode.swift; path = SendMessageView.swift; sourceTree = "<group>"; };
		4F5072BB2BCF901F0005D352 /* Assets.xcassets */ = {isa = PBXFileReference; lastKnownFileType = folder.assetcatalog; path = Assets.xcassets; sourceTree = "<group>"; };
		4F5072BD2BCF901F0005D352 /* NinjacordApp.entitlements */ = {isa = PBXFileReference; lastKnownFileType = text.plist.entitlements; path = NinjacordApp.entitlements; sourceTree = "<group>"; };
		4F5072BF2BCF901F0005D352 /* Preview Assets.xcassets */ = {isa = PBXFileReference; lastKnownFileType = folder.assetcatalog; path = "Preview Assets.xcassets"; sourceTree = "<group>"; };
		4F5C1BF42BDDDC2C001C9A51 /* SendMessageViewModel.swift */ = {isa = PBXFileReference; lastKnownFileType = sourcecode.swift; path = SendMessageViewModel.swift; sourceTree = "<group>"; };
		4F5C1BF62BDDE8A9001C9A51 /* MessageEntity.swift */ = {isa = PBXFileReference; lastKnownFileType = sourcecode.swift; path = MessageEntity.swift; sourceTree = "<group>"; };
		4F6755532BE008BC00F2629B /* AppDelegate.swift */ = {isa = PBXFileReference; lastKnownFileType = sourcecode.swift; path = AppDelegate.swift; sourceTree = "<group>"; };
		4F6755552BE0123900F2629B /* GoogleService-Info.plist */ = {isa = PBXFileReference; fileEncoding = 4; lastKnownFileType = text.plist.xml; path = "GoogleService-Info.plist"; sourceTree = "<group>"; };
		4F6F9FAC2BEB9C820033AFB7 /* Extension+Color.swift */ = {isa = PBXFileReference; lastKnownFileType = sourcecode.swift; path = "Extension+Color.swift"; sourceTree = "<group>"; };
		4F6F9FB12BEBDEE40033AFB7 /* Localizable.xcstrings */ = {isa = PBXFileReference; lastKnownFileType = text.json.xcstrings; path = Localizable.xcstrings; sourceTree = "<group>"; };
		4F7248F22BE825D2004FD3DC /* BannerViewController.swift */ = {isa = PBXFileReference; lastKnownFileType = sourcecode.swift; path = BannerViewController.swift; sourceTree = "<group>"; };
		4F7248F52BE827DF004FD3DC /* BannerView.swift */ = {isa = PBXFileReference; lastKnownFileType = sourcecode.swift; path = BannerView.swift; sourceTree = "<group>"; };
		4F8F72362BF99E0D00EB1869 /* ComingSoonModifier.swift */ = {isa = PBXFileReference; lastKnownFileType = sourcecode.swift; path = ComingSoonModifier.swift; sourceTree = "<group>"; };
		4F8F723E2BF9ABE100EB1869 /* LicenseView.swift */ = {isa = PBXFileReference; lastKnownFileType = sourcecode.swift; path = LicenseView.swift; sourceTree = "<group>"; };
		4FAB6FF12BE1923F00B2F33A /* swiftlint.yml */ = {isa = PBXFileReference; lastKnownFileType = text.yaml; path = swiftlint.yml; sourceTree = "<group>"; };
		4FAB6FF72BE1A04D00B2F33A /* ci_post_clone.sh */ = {isa = PBXFileReference; lastKnownFileType = text.script.sh; path = ci_post_clone.sh; sourceTree = "<group>"; };
		4FAB6FFA2BE1C53B00B2F33A /* WebhookURLSettingView.swift */ = {isa = PBXFileReference; lastKnownFileType = sourcecode.swift; path = WebhookURLSettingView.swift; sourceTree = "<group>"; };
		4FD55D482BE6F04700581F34 /* FirebaseAnalytics.swift */ = {isa = PBXFileReference; lastKnownFileType = sourcecode.swift; path = FirebaseAnalytics.swift; sourceTree = "<group>"; };
		4FD55D4A2BE6F92400581F34 /* AppInfo.swift */ = {isa = PBXFileReference; lastKnownFileType = sourcecode.swift; path = AppInfo.swift; sourceTree = "<group>"; };
		4FD55D4C2BE6FCB800581F34 /* PrivacyInfo.xcprivacy */ = {isa = PBXFileReference; lastKnownFileType = text.xml; path = PrivacyInfo.xcprivacy; sourceTree = "<group>"; };
		4FD55D4F2BE701FE00581F34 /* PrivacyPolicyView.swift */ = {isa = PBXFileReference; lastKnownFileType = sourcecode.swift; path = PrivacyPolicyView.swift; sourceTree = "<group>"; };
		4FF2FEA42BDFAF4F00973FDA /* Extension+TextFieldStyle.swift */ = {isa = PBXFileReference; lastKnownFileType = sourcecode.swift; path = "Extension+TextFieldStyle.swift"; sourceTree = "<group>"; };
/* End PBXFileReference section */

/* Begin PBXFrameworksBuildPhase section */
		4F5072B12BCF901E0005D352 /* Frameworks */ = {
			isa = PBXFrameworksBuildPhase;
			buildActionMask = 2147483647;
			files = (
				4F6755502BE0074A00F2629B /* FirebaseCrashlytics in Frameworks */,
				4F6755522BE0074A00F2629B /* FirebaseFirestore in Frameworks */,
				4F0758202BE81F2D0064A30F /* GoogleMobileAds in Frameworks */,
				4F67554E2BE0074A00F2629B /* FirebaseAnalytics in Frameworks */,
				4F0EC95A2BD1A2C3009A5CB6 /* Alamofire in Frameworks */,
			);
			runOnlyForDeploymentPostprocessing = 0;
		};
/* End PBXFrameworksBuildPhase section */

/* Begin PBXGroup section */
		4F5072AB2BCF901E0005D352 = {
			isa = PBXGroup;
			children = (
				4F5072B62BCF901E0005D352 /* NinjacordApp */,
				4FAB6FF62BE1A01B00B2F33A /* ci_scripts */,
				4F5072B52BCF901E0005D352 /* Products */,
			);
			sourceTree = "<group>";
		};
		4F5072B52BCF901E0005D352 /* Products */ = {
			isa = PBXGroup;
			children = (
				4F5072B42BCF901E0005D352 /* NinjacordApp.app */,
			);
			name = Products;
			sourceTree = "<group>";
		};
		4F5072B62BCF901E0005D352 /* NinjacordApp */ = {
			isa = PBXGroup;
			children = (
				4FF2FEA32BDFAEC300973FDA /* Extension */,
				4F8F72352BF99DD600EB1869 /* Common */,
				4F6755532BE008BC00F2629B /* AppDelegate.swift */,
				4F5072B72BCF901E0005D352 /* NinjacordApp.swift */,
				4F435C8D2BE115650087CEE3 /* MainView.swift */,
				4F5C1BF62BDDE8A9001C9A51 /* MessageEntity.swift */,
				4FAB6FFA2BE1C53B00B2F33A /* WebhookURLSettingView.swift */,
				4FD55D482BE6F04700581F34 /* FirebaseAnalytics.swift */,
				4FD55D4A2BE6F92400581F34 /* AppInfo.swift */,
				4F6F9FAE2BEBD25B0033AFB7 /* SettingMessage */,
				4FD55D4E2BE7019100581F34 /* Setting */,
				4F7248F42BE827C5004FD3DC /* AdMob */,
				4F5072BB2BCF901F0005D352 /* Assets.xcassets */,
				4F6F9FB12BEBDEE40033AFB7 /* Localizable.xcstrings */,
				4F5072BD2BCF901F0005D352 /* NinjacordApp.entitlements */,
				4F2CDC502BD31B4A000DF626 /* Info.plist */,
				4FD55D4C2BE6FCB800581F34 /* PrivacyInfo.xcprivacy */,
				4FAB6FF12BE1923F00B2F33A /* swiftlint.yml */,
				4F6755552BE0123900F2629B /* GoogleService-Info.plist */,
				4F5072BE2BCF901F0005D352 /* Preview Content */,
			);
			path = NinjacordApp;
			sourceTree = "<group>";
		};
		4F5072BE2BCF901F0005D352 /* Preview Content */ = {
			isa = PBXGroup;
			children = (
				4F5072BF2BCF901F0005D352 /* Preview Assets.xcassets */,
			);
			path = "Preview Content";
			sourceTree = "<group>";
		};
		4F6F9FAE2BEBD25B0033AFB7 /* SettingMessage */ = {
			isa = PBXGroup;
			children = (
				4F5072B92BCF901E0005D352 /* SendMessageView.swift */,
				4F5C1BF42BDDDC2C001C9A51 /* SendMessageViewModel.swift */,
			);
			path = SettingMessage;
			sourceTree = "<group>";
		};
		4F7248F42BE827C5004FD3DC /* AdMob */ = {
			isa = PBXGroup;
			children = (
				4F7248F22BE825D2004FD3DC /* BannerViewController.swift */,
				4F7248F52BE827DF004FD3DC /* BannerView.swift */,
				4F31E3B52BECEE1E00F299EE /* NativeAdView.swift */,
				4F31E3B72BECEED700F299EE /* NativeAdModel.swift */,
				4F31E3B92BECF70B00F299EE /* NativeAdView.xib */,
			);
			path = AdMob;
			sourceTree = "<group>";
		};
		4F8F72352BF99DD600EB1869 /* Common */ = {
			isa = PBXGroup;
			children = (
				4F8F72362BF99E0D00EB1869 /* ComingSoonModifier.swift */,
			);
			path = Common;
			sourceTree = "<group>";
		};
		4FAB6FF62BE1A01B00B2F33A /* ci_scripts */ = {
			isa = PBXGroup;
			children = (
				4FAB6FF72BE1A04D00B2F33A /* ci_post_clone.sh */,
			);
			path = ci_scripts;
			sourceTree = "<group>";
		};
		4FD55D4E2BE7019100581F34 /* Setting */ = {
			isa = PBXGroup;
			children = (
				4F435C8F2BE117840087CEE3 /* SettingView.swift */,
				4F8F723E2BF9ABE100EB1869 /* LicenseView.swift */,
				4FD55D4F2BE701FE00581F34 /* PrivacyPolicyView.swift */,
			);
			path = Setting;
			sourceTree = "<group>";
		};
		4FF2FEA32BDFAEC300973FDA /* Extension */ = {
			isa = PBXGroup;
			children = (
				4F6F9FAC2BEB9C820033AFB7 /* Extension+Color.swift */,
				4F3A7B542BE836BF0046765E /* Extension+View.swift */,
				4FF2FEA42BDFAF4F00973FDA /* Extension+TextFieldStyle.swift */,
			);
			path = Extension;
			sourceTree = "<group>";
		};
/* End PBXGroup section */

/* Begin PBXNativeTarget section */
		4F5072B32BCF901E0005D352 /* NinjacordApp */ = {
			isa = PBXNativeTarget;
			buildConfigurationList = 4F5072C32BCF901F0005D352 /* Build configuration list for PBXNativeTarget "NinjacordApp" */;
			buildPhases = (
				4F5072B02BCF901E0005D352 /* Sources */,
				4F5072B12BCF901E0005D352 /* Frameworks */,
				4F5072B22BCF901E0005D352 /* Resources */,
				4FAB6FF02BE1914D00B2F33A /* Run SwiftLint */,
			);
			buildRules = (
			);
			dependencies = (
			);
			name = NinjacordApp;
			packageProductDependencies = (
				4F0EC9592BD1A2C3009A5CB6 /* Alamofire */,
				4F67554D2BE0074A00F2629B /* FirebaseAnalytics */,
				4F67554F2BE0074A00F2629B /* FirebaseCrashlytics */,
				4F6755512BE0074A00F2629B /* FirebaseFirestore */,
				4F07581F2BE81F2D0064A30F /* GoogleMobileAds */,
			);
			productName = NinjacordApp;
			productReference = 4F5072B42BCF901E0005D352 /* NinjacordApp.app */;
			productType = "com.apple.product-type.application";
		};
/* End PBXNativeTarget section */

/* Begin PBXProject section */
		4F5072AC2BCF901E0005D352 /* Project object */ = {
			isa = PBXProject;
			attributes = {
				BuildIndependentTargetsInParallel = 1;
				LastSwiftUpdateCheck = 1520;
				LastUpgradeCheck = 2620;
				TargetAttributes = {
					4F5072B32BCF901E0005D352 = {
						CreatedOnToolsVersion = 15.2;
					};
				};
			};
			buildConfigurationList = 4F5072AF2BCF901E0005D352 /* Build configuration list for PBXProject "NinjacordApp" */;
			compatibilityVersion = "Xcode 14.0";
			developmentRegion = en;
			hasScannedForEncodings = 0;
			knownRegions = (
				en,
				ja,
				Base,
				"zh-Hans",
				"zh-Hant",
				fr,
				de,
				ko,
				it,
				es,
				ru,
				ar,
			);
			mainGroup = 4F5072AB2BCF901E0005D352;
			packageReferences = (
				4F0EC9582BD1A2C3009A5CB6 /* XCRemoteSwiftPackageReference "Alamofire" */,
				4F67554C2BE0074A00F2629B /* XCRemoteSwiftPackageReference "firebase-ios-sdk" */,
				4F07581E2BE81F2D0064A30F /* XCRemoteSwiftPackageReference "swift-package-manager-google-mobile-ads" */,
			);
			productRefGroup = 4F5072B52BCF901E0005D352 /* Products */;
			projectDirPath = "";
			projectRoot = "";
			targets = (
				4F5072B32BCF901E0005D352 /* NinjacordApp */,
			);
		};
/* End PBXProject section */

/* Begin PBXResourcesBuildPhase section */
		4F5072B22BCF901E0005D352 /* Resources */ = {
			isa = PBXResourcesBuildPhase;
			buildActionMask = 2147483647;
			files = (
				4FAB6FF22BE1923F00B2F33A /* swiftlint.yml in Resources */,
				4F5072C02BCF901F0005D352 /* Preview Assets.xcassets in Resources */,
				4F6F9FB22BEBDEE40033AFB7 /* Localizable.xcstrings in Resources */,
				4F5072BC2BCF901F0005D352 /* Assets.xcassets in Resources */,
				4FD55D4D2BE6FCB800581F34 /* PrivacyInfo.xcprivacy in Resources */,
				4F31E3BA2BECF70C00F299EE /* NativeAdView.xib in Resources */,
				4F6755562BE0123900F2629B /* GoogleService-Info.plist in Resources */,
			);
			runOnlyForDeploymentPostprocessing = 0;
		};
/* End PBXResourcesBuildPhase section */

/* Begin PBXShellScriptBuildPhase section */
		4FAB6FF02BE1914D00B2F33A /* Run SwiftLint */ = {
			isa = PBXShellScriptBuildPhase;
			buildActionMask = 2147483647;
			files = (
			);
			inputFileListPaths = (
			);
			inputPaths = (
			);
			name = "Run SwiftLint";
			outputFileListPaths = (
			);
			outputPaths = (
			);
			runOnlyForDeploymentPostprocessing = 0;
			shellPath = /bin/sh;
			shellScript = "if which swiftlint >/dev/null; then\n  swiftlint\nelse\n  echo \"warning: SwiftLint does not exist, download from https://github.com/realm/SwiftLint\"\nfi\n";
		};
/* End PBXShellScriptBuildPhase section */

/* Begin PBXSourcesBuildPhase section */
		4F5072B02BCF901E0005D352 /* Sources */ = {
			isa = PBXSourcesBuildPhase;
			buildActionMask = 2147483647;
			files = (
				4F7248F62BE827DF004FD3DC /* BannerView.swift in Sources */,
				4F6755542BE008BC00F2629B /* AppDelegate.swift in Sources */,
				4F435C8E2BE115650087CEE3 /* MainView.swift in Sources */,
				4F5C1BF72BDDE8A9001C9A51 /* MessageEntity.swift in Sources */,
				4FD55D502BE701FE00581F34 /* PrivacyPolicyView.swift in Sources */,
				4FD55D4B2BE6F92400581F34 /* AppInfo.swift in Sources */,
				4F5C1BF52BDDDC2C001C9A51 /* SendMessageViewModel.swift in Sources */,
				4F8F72372BF99E0D00EB1869 /* ComingSoonModifier.swift in Sources */,
				4F6F9FAD2BEB9C820033AFB7 /* Extension+Color.swift in Sources */,
				4F3A7B552BE836BF0046765E /* Extension+View.swift in Sources */,
				4FF2FEA52BDFAF4F00973FDA /* Extension+TextFieldStyle.swift in Sources */,
				4F435C902BE117840087CEE3 /* SettingView.swift in Sources */,
				4F31E3B62BECEE1E00F299EE /* NativeAdView.swift in Sources */,
				4F5072BA2BCF901E0005D352 /* SendMessageView.swift in Sources */,
				4FD55D492BE6F04700581F34 /* FirebaseAnalytics.swift in Sources */,
				4F7248F32BE825D2004FD3DC /* BannerViewController.swift in Sources */,
				4F31E3B82BECEED700F299EE /* NativeAdModel.swift in Sources */,
				4FAB6FFB2BE1C53B00B2F33A /* WebhookURLSettingView.swift in Sources */,
				4F8F723F2BF9ABE100EB1869 /* LicenseView.swift in Sources */,
				4F5072B82BCF901E0005D352 /* NinjacordApp.swift in Sources */,
			);
			runOnlyForDeploymentPostprocessing = 0;
		};
/* End PBXSourcesBuildPhase section */

/* Begin XCBuildConfiguration section */
		4F5072C12BCF901F0005D352 /* Debug */ = {
			isa = XCBuildConfiguration;
			buildSettings = {
				ALWAYS_SEARCH_USER_PATHS = NO;
				ASSETCATALOG_COMPILER_GENERATE_SWIFT_ASSET_SYMBOL_EXTENSIONS = YES;
				CLANG_ANALYZER_LOCALIZABILITY_NONLOCALIZED = YES;
				CLANG_ANALYZER_NONNULL = YES;
				CLANG_ANALYZER_NUMBER_OBJECT_CONVERSION = YES_AGGRESSIVE;
				CLANG_CXX_LANGUAGE_STANDARD = "gnu++20";
				CLANG_ENABLE_MODULES = YES;
				CLANG_ENABLE_OBJC_ARC = YES;
				CLANG_ENABLE_OBJC_WEAK = YES;
				CLANG_WARN_BLOCK_CAPTURE_AUTORELEASING = YES;
				CLANG_WARN_BOOL_CONVERSION = YES;
				CLANG_WARN_COMMA = YES;
				CLANG_WARN_CONSTANT_CONVERSION = YES;
				CLANG_WARN_DEPRECATED_OBJC_IMPLEMENTATIONS = YES;
				CLANG_WARN_DIRECT_OBJC_ISA_USAGE = YES_ERROR;
				CLANG_WARN_DOCUMENTATION_COMMENTS = YES;
				CLANG_WARN_EMPTY_BODY = YES;
				CLANG_WARN_ENUM_CONVERSION = YES;
				CLANG_WARN_INFINITE_RECURSION = YES;
				CLANG_WARN_INT_CONVERSION = YES;
				CLANG_WARN_NON_LITERAL_NULL_CONVERSION = YES;
				CLANG_WARN_OBJC_IMPLICIT_RETAIN_SELF = YES;
				CLANG_WARN_OBJC_LITERAL_CONVERSION = YES;
				CLANG_WARN_OBJC_ROOT_CLASS = YES_ERROR;
				CLANG_WARN_QUOTED_INCLUDE_IN_FRAMEWORK_HEADER = YES;
				CLANG_WARN_RANGE_LOOP_ANALYSIS = YES;
				CLANG_WARN_STRICT_PROTOTYPES = YES;
				CLANG_WARN_SUSPICIOUS_MOVE = YES;
				CLANG_WARN_UNGUARDED_AVAILABILITY = YES_AGGRESSIVE;
				CLANG_WARN_UNREACHABLE_CODE = YES;
				CLANG_WARN__DUPLICATE_METHOD_MATCH = YES;
				COPY_PHASE_STRIP = NO;
				DEAD_CODE_STRIPPING = YES;
				DEBUG_INFORMATION_FORMAT = dwarf;
				DEVELOPMENT_TEAM = XU74X3434S;
				ENABLE_STRICT_OBJC_MSGSEND = YES;
				ENABLE_TESTABILITY = YES;
				ENABLE_USER_SCRIPT_SANDBOXING = YES;
				GCC_C_LANGUAGE_STANDARD = gnu17;
				GCC_DYNAMIC_NO_PIC = NO;
				GCC_NO_COMMON_BLOCKS = YES;
				GCC_OPTIMIZATION_LEVEL = 0;
				GCC_PREPROCESSOR_DEFINITIONS = (
					"DEBUG=1",
					"$(inherited)",
				);
				GCC_WARN_64_TO_32_BIT_CONVERSION = YES;
				GCC_WARN_ABOUT_RETURN_TYPE = YES_ERROR;
				GCC_WARN_UNDECLARED_SELECTOR = YES;
				GCC_WARN_UNINITIALIZED_AUTOS = YES_AGGRESSIVE;
				GCC_WARN_UNUSED_FUNCTION = YES;
				GCC_WARN_UNUSED_VARIABLE = YES;
				LOCALIZATION_PREFERS_STRING_CATALOGS = YES;
				MTL_ENABLE_DEBUG_INFO = INCLUDE_SOURCE;
				MTL_FAST_MATH = YES;
				ONLY_ACTIVE_ARCH = YES;
				STRING_CATALOG_GENERATE_SYMBOLS = YES;
				SWIFT_ACTIVE_COMPILATION_CONDITIONS = "DEBUG $(inherited)";
				SWIFT_OPTIMIZATION_LEVEL = "-Onone";
			};
			name = Debug;
		};
		4F5072C22BCF901F0005D352 /* Release */ = {
			isa = XCBuildConfiguration;
			buildSettings = {
				ALWAYS_SEARCH_USER_PATHS = NO;
				ASSETCATALOG_COMPILER_GENERATE_SWIFT_ASSET_SYMBOL_EXTENSIONS = YES;
				CLANG_ANALYZER_LOCALIZABILITY_NONLOCALIZED = YES;
				CLANG_ANALYZER_NONNULL = YES;
				CLANG_ANALYZER_NUMBER_OBJECT_CONVERSION = YES_AGGRESSIVE;
				CLANG_CXX_LANGUAGE_STANDARD = "gnu++20";
				CLANG_ENABLE_MODULES = YES;
				CLANG_ENABLE_OBJC_ARC = YES;
				CLANG_ENABLE_OBJC_WEAK = YES;
				CLANG_WARN_BLOCK_CAPTURE_AUTORELEASING = YES;
				CLANG_WARN_BOOL_CONVERSION = YES;
				CLANG_WARN_COMMA = YES;
				CLANG_WARN_CONSTANT_CONVERSION = YES;
				CLANG_WARN_DEPRECATED_OBJC_IMPLEMENTATIONS = YES;
				CLANG_WARN_DIRECT_OBJC_ISA_USAGE = YES_ERROR;
				CLANG_WARN_DOCUMENTATION_COMMENTS = YES;
				CLANG_WARN_EMPTY_BODY = YES;
				CLANG_WARN_ENUM_CONVERSION = YES;
				CLANG_WARN_INFINITE_RECURSION = YES;
				CLANG_WARN_INT_CONVERSION = YES;
				CLANG_WARN_NON_LITERAL_NULL_CONVERSION = YES;
				CLANG_WARN_OBJC_IMPLICIT_RETAIN_SELF = YES;
				CLANG_WARN_OBJC_LITERAL_CONVERSION = YES;
				CLANG_WARN_OBJC_ROOT_CLASS = YES_ERROR;
				CLANG_WARN_QUOTED_INCLUDE_IN_FRAMEWORK_HEADER = YES;
				CLANG_WARN_RANGE_LOOP_ANALYSIS = YES;
				CLANG_WARN_STRICT_PROTOTYPES = YES;
				CLANG_WARN_SUSPICIOUS_MOVE = YES;
				CLANG_WARN_UNGUARDED_AVAILABILITY = YES_AGGRESSIVE;
				CLANG_WARN_UNREACHABLE_CODE = YES;
				CLANG_WARN__DUPLICATE_METHOD_MATCH = YES;
				COPY_PHASE_STRIP = NO;
				DEAD_CODE_STRIPPING = YES;
				DEBUG_INFORMATION_FORMAT = "dwarf-with-dsym";
				DEVELOPMENT_TEAM = XU74X3434S;
				ENABLE_NS_ASSERTIONS = NO;
				ENABLE_STRICT_OBJC_MSGSEND = YES;
				ENABLE_USER_SCRIPT_SANDBOXING = YES;
				GCC_C_LANGUAGE_STANDARD = gnu17;
				GCC_NO_COMMON_BLOCKS = YES;
				GCC_WARN_64_TO_32_BIT_CONVERSION = YES;
				GCC_WARN_ABOUT_RETURN_TYPE = YES_ERROR;
				GCC_WARN_UNDECLARED_SELECTOR = YES;
				GCC_WARN_UNINITIALIZED_AUTOS = YES_AGGRESSIVE;
				GCC_WARN_UNUSED_FUNCTION = YES;
				GCC_WARN_UNUSED_VARIABLE = YES;
				LOCALIZATION_PREFERS_STRING_CATALOGS = YES;
				MTL_ENABLE_DEBUG_INFO = NO;
				MTL_FAST_MATH = YES;
				STRING_CATALOG_GENERATE_SYMBOLS = YES;
				SWIFT_COMPILATION_MODE = wholemodule;
			};
			name = Release;
		};
		4F5072C42BCF901F0005D352 /* Debug */ = {
			isa = XCBuildConfiguration;
			buildSettings = {
				ASSETCATALOG_COMPILER_APPICON_NAME = AppIcon;
				ASSETCATALOG_COMPILER_GLOBAL_ACCENT_COLOR_NAME = AccentColor;
				CODE_SIGN_ENTITLEMENTS = NinjacordApp/NinjacordApp.entitlements;
				CODE_SIGN_STYLE = Automatic;
				CURRENT_PROJECT_VERSION = 1;
				DEAD_CODE_STRIPPING = YES;
				DEVELOPMENT_ASSET_PATHS = "\"NinjacordApp/Preview Content\"";
				ENABLE_APP_SANDBOX = YES;
				ENABLE_HARDENED_RUNTIME = YES;
				ENABLE_PREVIEWS = YES;
				ENABLE_USER_SCRIPT_SANDBOXING = NO;
				ENABLE_USER_SELECTED_FILES = readonly;
				GENERATE_INFOPLIST_FILE = YES;
				INFOPLIST_FILE = NinjacordApp/Info.plist;
				INFOPLIST_KEY_CFBundleDisplayName = "Ninja Cord";
				"INFOPLIST_KEY_UIApplicationSceneManifest_Generation[sdk=iphoneos*]" = YES;
				"INFOPLIST_KEY_UIApplicationSceneManifest_Generation[sdk=iphonesimulator*]" = YES;
				"INFOPLIST_KEY_UIApplicationSupportsIndirectInputEvents[sdk=iphoneos*]" = YES;
				"INFOPLIST_KEY_UIApplicationSupportsIndirectInputEvents[sdk=iphonesimulator*]" = YES;
				"INFOPLIST_KEY_UILaunchScreen_Generation[sdk=iphoneos*]" = YES;
				"INFOPLIST_KEY_UILaunchScreen_Generation[sdk=iphonesimulator*]" = YES;
				"INFOPLIST_KEY_UIStatusBarStyle[sdk=iphoneos*]" = UIStatusBarStyleDefault;
				"INFOPLIST_KEY_UIStatusBarStyle[sdk=iphonesimulator*]" = UIStatusBarStyleDefault;
				INFOPLIST_KEY_UISupportedInterfaceOrientations = UIInterfaceOrientationPortrait;
				INFOPLIST_KEY_UISupportedInterfaceOrientations_iPad = "UIInterfaceOrientationLandscapeLeft UIInterfaceOrientationLandscapeRight UIInterfaceOrientationPortrait UIInterfaceOrientationPortraitUpsideDown";
				INFOPLIST_KEY_UIUserInterfaceStyle = Light;
				IPHONEOS_DEPLOYMENT_TARGET = 16.0;
				LD_RUNPATH_SEARCH_PATHS = "@executable_path/Frameworks";
				"LD_RUNPATH_SEARCH_PATHS[sdk=macosx*]" = "@executable_path/../Frameworks";
				MACOSX_DEPLOYMENT_TARGET = 14.2;
				MARKETING_VERSION = 1.4.3;
				PRODUCT_BUNDLE_IDENTIFIER = "ml.mrs1669.discord-bot-helper";
				PRODUCT_NAME = "$(TARGET_NAME)";
				SDKROOT = auto;
				SUPPORTED_PLATFORMS = "iphoneos iphonesimulator";
				SUPPORTS_MACCATALYST = NO;
				SWIFT_EMIT_LOC_STRINGS = YES;
				SWIFT_VERSION = 5.0;
				TARGETED_DEVICE_FAMILY = "1,2";
			};
			name = Debug;
		};
		4F5072C52BCF901F0005D352 /* Release */ = {
			isa = XCBuildConfiguration;
			buildSettings = {
				ASSETCATALOG_COMPILER_APPICON_NAME = AppIcon;
				ASSETCATALOG_COMPILER_GLOBAL_ACCENT_COLOR_NAME = AccentColor;
				CODE_SIGN_ENTITLEMENTS = NinjacordApp/NinjacordApp.entitlements;
				CODE_SIGN_STYLE = Automatic;
				CURRENT_PROJECT_VERSION = 1;
				DEAD_CODE_STRIPPING = YES;
				DEVELOPMENT_ASSET_PATHS = "\"NinjacordApp/Preview Content\"";
				ENABLE_APP_SANDBOX = YES;
				ENABLE_HARDENED_RUNTIME = YES;
				ENABLE_PREVIEWS = YES;
				ENABLE_USER_SCRIPT_SANDBOXING = NO;
				ENABLE_USER_SELECTED_FILES = readonly;
				GENERATE_INFOPLIST_FILE = YES;
				INFOPLIST_FILE = NinjacordApp/Info.plist;
				INFOPLIST_KEY_CFBundleDisplayName = "Ninja Cord";
				"INFOPLIST_KEY_UIApplicationSceneManifest_Generation[sdk=iphoneos*]" = YES;
				"INFOPLIST_KEY_UIApplicationSceneManifest_Generation[sdk=iphonesimulator*]" = YES;
				"INFOPLIST_KEY_UIApplicationSupportsIndirectInputEvents[sdk=iphoneos*]" = YES;
				"INFOPLIST_KEY_UIApplicationSupportsIndirectInputEvents[sdk=iphonesimulator*]" = YES;
				"INFOPLIST_KEY_UILaunchScreen_Generation[sdk=iphoneos*]" = YES;
				"INFOPLIST_KEY_UILaunchScreen_Generation[sdk=iphonesimulator*]" = YES;
				"INFOPLIST_KEY_UIStatusBarStyle[sdk=iphoneos*]" = UIStatusBarStyleDefault;
				"INFOPLIST_KEY_UIStatusBarStyle[sdk=iphonesimulator*]" = UIStatusBarStyleDefault;
				INFOPLIST_KEY_UISupportedInterfaceOrientations = UIInterfaceOrientationPortrait;
				INFOPLIST_KEY_UISupportedInterfaceOrientations_iPad = "UIInterfaceOrientationLandscapeLeft UIInterfaceOrientationLandscapeRight UIInterfaceOrientationPortrait UIInterfaceOrientationPortraitUpsideDown";
				INFOPLIST_KEY_UIUserInterfaceStyle = Light;
				IPHONEOS_DEPLOYMENT_TARGET = 16.0;
				LD_RUNPATH_SEARCH_PATHS = "@executable_path/Frameworks";
				"LD_RUNPATH_SEARCH_PATHS[sdk=macosx*]" = "@executable_path/../Frameworks";
				MACOSX_DEPLOYMENT_TARGET = 14.2;
				MARKETING_VERSION = 1.4.3;
				PRODUCT_BUNDLE_IDENTIFIER = "ml.mrs1669.discord-bot-helper";
				PRODUCT_NAME = "$(TARGET_NAME)";
				SDKROOT = auto;
				SUPPORTED_PLATFORMS = "iphoneos iphonesimulator";
				SUPPORTS_MACCATALYST = NO;
				SWIFT_EMIT_LOC_STRINGS = YES;
				SWIFT_VERSION = 5.0;
				TARGETED_DEVICE_FAMILY = "1,2";
			};
			name = Release;
		};
/* End XCBuildConfiguration section */

/* Begin XCConfigurationList section */
		4F5072AF2BCF901E0005D352 /* Build configuration list for PBXProject "NinjacordApp" */ = {
			isa = XCConfigurationList;
			buildConfigurations = (
				4F5072C12BCF901F0005D352 /* Debug */,
				4F5072C22BCF901F0005D352 /* Release */,
			);
			defaultConfigurationIsVisible = 0;
			defaultConfigurationName = Release;
		};
		4F5072C32BCF901F0005D352 /* Build configuration list for PBXNativeTarget "NinjacordApp" */ = {
			isa = XCConfigurationList;
			buildConfigurations = (
				4F5072C42BCF901F0005D352 /* Debug */,
				4F5072C52BCF901F0005D352 /* Release */,
			);
			defaultConfigurationIsVisible = 0;
			defaultConfigurationName = Release;
		};
/* End XCConfigurationList section */

/* Begin XCRemoteSwiftPackageReference section */
		4F07581E2BE81F2D0064A30F /* XCRemoteSwiftPackageReference "swift-package-manager-google-mobile-ads" */ = {
			isa = XCRemoteSwiftPackageReference;
			repositoryURL = "https://github.com/googleads/swift-package-manager-google-mobile-ads.git";
			requirement = {
				kind = upToNextMajorVersion;
				minimumVersion = 11.3.0;
			};
		};
		4F0EC9582BD1A2C3009A5CB6 /* XCRemoteSwiftPackageReference "Alamofire" */ = {
			isa = XCRemoteSwiftPackageReference;
			repositoryURL = "https://github.com/Alamofire/Alamofire";
			requirement = {
				kind = upToNextMajorVersion;
				minimumVersion = 5.9.1;
			};
		};
		4F67554C2BE0074A00F2629B /* XCRemoteSwiftPackageReference "firebase-ios-sdk" */ = {
			isa = XCRemoteSwiftPackageReference;
			repositoryURL = "https://github.com/firebase/firebase-ios-sdk";
			requirement = {
				kind = upToNextMajorVersion;
				minimumVersion = 10.24.0;
			};
		};
/* End XCRemoteSwiftPackageReference section */

/* Begin XCSwiftPackageProductDependency section */
		4F07581F2BE81F2D0064A30F /* GoogleMobileAds */ = {
			isa = XCSwiftPackageProductDependency;
			package = 4F07581E2BE81F2D0064A30F /* XCRemoteSwiftPackageReference "swift-package-manager-google-mobile-ads" */;
			productName = GoogleMobileAds;
		};
		4F0EC9592BD1A2C3009A5CB6 /* Alamofire */ = {
			isa = XCSwiftPackageProductDependency;
			package = 4F0EC9582BD1A2C3009A5CB6 /* XCRemoteSwiftPackageReference "Alamofire" */;
			productName = Alamofire;
		};
		4F67554D2BE0074A00F2629B /* FirebaseAnalytics */ = {
			isa = XCSwiftPackageProductDependency;
			package = 4F67554C2BE0074A00F2629B /* XCRemoteSwiftPackageReference "firebase-ios-sdk" */;
			productName = FirebaseAnalytics;
		};
		4F67554F2BE0074A00F2629B /* FirebaseCrashlytics */ = {
			isa = XCSwiftPackageProductDependency;
			package = 4F67554C2BE0074A00F2629B /* XCRemoteSwiftPackageReference "firebase-ios-sdk" */;
			productName = FirebaseCrashlytics;
		};
		4F6755512BE0074A00F2629B /* FirebaseFirestore */ = {
			isa = XCSwiftPackageProductDependency;
			package = 4F67554C2BE0074A00F2629B /* XCRemoteSwiftPackageReference "firebase-ios-sdk" */;
			productName = FirebaseFirestore;
		};
/* End XCSwiftPackageProductDependency section */
	};
	rootObject = 4F5072AC2BCF901E0005D352 /* Project object */;
}
